
Microsoft Visual Studio Solution File, Format Version 12.00
# Visual Studio 2013
VisualStudioVersion = 12.0.21005.1
MinimumVisualStudioVersion = 10.0.40219.1
Project("{FAE04EC0-301F-11D3-BF4B-00C04F79EFBC}") = "Model", "Model\Model.csproj", "{1E07A76C-6A07-42EB-A91E-A27ECDA23A61}"
EndProject
Project("{FAE04EC0-301F-11D3-BF4B-00C04F79EFBC}") = "View", "View\View.csproj", "{2BEB8C90-70AA-4998-934A-009ADF24D140}"
EndProject
Project("{FAE04EC0-301F-11D3-BF4B-00C04F79EFBC}") = "Controller", "Controller\Controller.csproj", "{12C3D220-2662-43EE-96D6-6EFFF82139A5}"
EndProject
Project("{FAE04EC0-301F-11D3-BF4B-00C04F79EFBC}") = "DAO", "DAO\DAO.csproj", "{4D0AFAB7-1BFF-442E-AB9F-B792CC34E823}"
EndProject
Global
	GlobalSection(SolutionConfigurationPlatforms) = preSolution
		Debug|Any CPU = Debug|Any CPU
		Release|Any CPU = Release|Any CPU
	EndGlobalSection
	GlobalSection(ProjectConfigurationPlatforms) = postSolution
		{1E07A76C-6A07-42EB-A91E-A27ECDA23A61}.Debug|Any CPU.ActiveCfg = Debug|Any CPU
		{1E07A76C-6A07-42EB-A91E-A27ECDA23A61}.Debug|Any CPU.Build.0 = Debug|Any CPU
		{1E07A76C-6A07-42EB-A91E-A27ECDA23A61}.Release|Any CPU.ActiveCfg = Release|Any CPU
		{1E07A76C-6A07-42EB-A91E-A27ECDA23A61}.Release|Any CPU.Build.0 = Release|Any CPU
		{2BEB8C90-70AA-4998-934A-009ADF24D140}.Debug|Any CPU.ActiveCfg = Debug|Any CPU
		{2BEB8C90-70AA-4998-934A-009ADF24D140}.Debug|Any CPU.Build.0 = Debug|Any CPU
		{2BEB8C90-70AA-4998-934A-009ADF24D140}.Release|Any CPU.ActiveCfg = Release|Any CPU
		{2BEB8C90-70AA-4998-934A-009ADF24D140}.Release|Any CPU.Build.0 = Release|Any CPU
		{12C3D220-2662-43EE-96D6-6EFFF82139A5}.Debug|Any CPU.ActiveCfg = Debug|Any CPU
		{12C3D220-2662-43EE-96D6-6EFFF82139A5}.Debug|Any CPU.Build.0 = Debug|Any CPU
		{12C3D220-2662-43EE-96D6-6EFFF82139A5}.Release|Any CPU.ActiveCfg = Release|Any CPU
		{12C3D220-2662-43EE-96D6-6EFFF82139A5}.Release|Any CPU.Build.0 = Release|Any CPU
		{4D0AFAB7-1BFF-442E-AB9F-B792CC34E823}.Debug|Any CPU.ActiveCfg = Debug|Any CPU
		{4D0AFAB7-1BFF-442E-AB9F-B792CC34E823}.Debug|Any CPU.Build.0 = Debug|Any CPU
		{4D0AFAB7-1BFF-442E-AB9F-B792CC34E823}.Release|Any CPU.ActiveCfg = Release|Any CPU
		{4D0AFAB7-1BFF-442E-AB9F-B792CC34E823}.Release|Any CPU.Build.0 = Release|Any CPU
	EndGlobalSection
	GlobalSection(SolutionProperties) = preSolution
		HideSolutionNode = FALSE
	EndGlobalSection
EndGlobal
